
Microsoft Visual Studio Solution File, Format Version 12.00
# Visual Studio Version 16
VisualStudioVersion = 16.0.32126.315
MinimumVisualStudioVersion = 10.0.40219.1
Project("{8BC9CEB8-8B4A-11D0-8D11-00A0C91BC942}") = "DatabaseBuilder", "DatabaseBuilder\DatabaseBuilder.vcxproj", "{9D0A6E61-14A1-43C7-8008-801DA0D4ADEB}"
	ProjectSection(ProjectDependencies) = postProject
		{72749703-B70A-4CB3-A418-531FBA8D15B8} = {72749703-B70A-4CB3-A418-531FBA8D15B8}
	EndProjectSection
EndProject
Project("{FAE04EC0-301F-11D3-BF4B-00C04F79EFBC}") = "ArcadeDatabase", "ArcadeDatabase\ArcadeDatabase.csproj", "{72749703-B70A-4CB3-A418-531FBA8D15B8}"
EndProject
Global
	GlobalSection(SolutionConfigurationPlatforms) = preSolution
		Debug|Any CPU = Debug|Any CPU
		Debug|x64 = Debug|x64
		Debug|x86 = Debug|x86
		Release|Any CPU = Release|Any CPU
		Release|x64 = Release|x64
		Release|x86 = Release|x86
	EndGlobalSection
	GlobalSection(ProjectConfigurationPlatforms) = postSolution
		{9D0A6E61-14A1-43C7-8008-801DA0D4ADEB}.Debug|Any CPU.ActiveCfg = Debug|Win32
		{9D0A6E61-14A1-43C7-8008-801DA0D4ADEB}.Debug|x64.ActiveCfg = Debug|x64
		{9D0A6E61-14A1-43C7-8008-801DA0D4ADEB}.Debug|x64.Build.0 = Debug|x64
		{9D0A6E61-14A1-43C7-8008-801DA0D4ADEB}.Debug|x86.ActiveCfg = Debug|Win32
		{9D0A6E61-14A1-43C7-8008-801DA0D4ADEB}.Debug|x86.Build.0 = Debug|Win32
		{9D0A6E61-14A1-43C7-8008-801DA0D4ADEB}.Release|Any CPU.ActiveCfg = Release|Win32
		{9D0A6E61-14A1-43C7-8008-801DA0D4ADEB}.Release|x64.ActiveCfg = Release|x64
		{9D0A6E61-14A1-43C7-8008-801DA0D4ADEB}.Release|x64.Build.0 = Release|x64
		{9D0A6E61-14A1-43C7-8008-801DA0D4ADEB}.Release|x86.ActiveCfg = Release|Win32
		{9D0A6E61-14A1-43C7-8008-801DA0D4ADEB}.Release|x86.Build.0 = Release|Win32
		{72749703-B70A-4CB3-A418-531FBA8D15B8}.Debug|Any CPU.ActiveCfg = Debug|x86
		{72749703-B70A-4CB3-A418-531FBA8D15B8}.Debug|x64.ActiveCfg = Debug|x64
		{72749703-B70A-4CB3-A418-531FBA8D15B8}.Debug|x64.Build.0 = Debug|x64
		{72749703-B70A-4CB3-A418-531FBA8D15B8}.Debug|x86.ActiveCfg = Debug|x86
		{72749703-B70A-4CB3-A418-531FBA8D15B8}.Debug|x86.Build.0 = Debug|x86
		{72749703-B70A-4CB3-A418-531FBA8D15B8}.Release|Any CPU.ActiveCfg = Release|x86
		{72749703-B70A-4CB3-A418-531FBA8D15B8}.Release|x64.ActiveCfg = Release|x64
		{72749703-B70A-4CB3-A418-531FBA8D15B8}.Release|x64.Build.0 = Release|x64
		{72749703-B70A-4CB3-A418-531FBA8D15B8}.Release|x86.ActiveCfg = Release|x86
		{72749703-B70A-4CB3-A418-531FBA8D15B8}.Release|x86.Build.0 = Release|x86
	EndGlobalSection
	GlobalSection(SolutionProperties) = preSolution
		HideSolutionNode = FALSE
	EndGlobalSection
	GlobalSection(ExtensibilityGlobals) = postSolution
		SolutionGuid = {E49A0B02-2298-4A23-84F1-DA75BFE52C6B}
	EndGlobalSection
EndGlobal
